
Microsoft Visual Studio Solution File, Format Version 12.00
# Visual Studio Version 16
VisualStudioVersion = 16.0.31729.503
MinimumVisualStudioVersion = 10.0.40219.1
Project("{FAE04EC0-301F-11D3-BF4B-00C04F79EFBC}") = "clsClasesAccesos", "clsClasesAccesos\clsClasesAccesos.csproj", "{84C0004C-A418-4BB1-B155-7773948ADBBE}"
EndProject
Project("{FAE04EC0-301F-11D3-BF4B-00C04F79EFBC}") = "Servicios", "Servicios\Servicios.csproj", "{E2C4F8B8-E2F3-46E8-859D-62C0DA204386}"
EndProject
Project("{FAE04EC0-301F-11D3-BF4B-00C04F79EFBC}") = "Datos", "Datos\Datos.csproj", "{AA425E03-5E7B-4353-8589-769EE3634A93}"
EndProject
Project("{E24C65DC-7377-472B-9ABA-BC803B73C61A}") = "ProyectoWeb", "http://localhost:9329", "{B97583A9-4766-4B3F-A8B5-0C66FE259A7D}"
	ProjectSection(WebsiteProperties) = preProject
		UseIISExpress = "true"
		TargetFrameworkMoniker = ".NETFramework,Version%3Dv4.5"
		ProjectReferences = "{aa425e03-5e7b-4353-8589-769ee3634a93}|Datos.dll;{E2C4F8B8-E2F3-46E8-859D-62C0DA204386}|Servicios.dll;"
		Debug.AspNetCompiler.VirtualPath = "/localhost_9329"
		Debug.AspNetCompiler.PhysicalPath = "ProyectoWeb\"
		Debug.AspNetCompiler.TargetPath = "PrecompiledWeb\localhost_9329\"
		Debug.AspNetCompiler.Updateable = "true"
		Debug.AspNetCompiler.ForceOverwrite = "true"
		Debug.AspNetCompiler.FixedNames = "false"
		Debug.AspNetCompiler.Debug = "True"
		Release.AspNetCompiler.VirtualPath = "/localhost_9329"
		Release.AspNetCompiler.PhysicalPath = "ProyectoWeb\"
		Release.AspNetCompiler.TargetPath = "PrecompiledWeb\localhost_9329\"
		Release.AspNetCompiler.Updateable = "true"
		Release.AspNetCompiler.ForceOverwrite = "true"
		Release.AspNetCompiler.FixedNames = "false"
		Release.AspNetCompiler.Debug = "False"
		SlnRelativePath = "ProyectoWeb\"
		DefaultWebSiteLanguage = "Visual C#"
	EndProjectSection
EndProject
Global
	GlobalSection(SolutionConfigurationPlatforms) = preSolution
		Debug|Any CPU = Debug|Any CPU
		Release|Any CPU = Release|Any CPU
	EndGlobalSection
	GlobalSection(ProjectConfigurationPlatforms) = postSolution
		{84C0004C-A418-4BB1-B155-7773948ADBBE}.Debug|Any CPU.ActiveCfg = Debug|Any CPU
		{84C0004C-A418-4BB1-B155-7773948ADBBE}.Debug|Any CPU.Build.0 = Debug|Any CPU
		{84C0004C-A418-4BB1-B155-7773948ADBBE}.Release|Any CPU.ActiveCfg = Release|Any CPU
		{84C0004C-A418-4BB1-B155-7773948ADBBE}.Release|Any CPU.Build.0 = Release|Any CPU
		{E2C4F8B8-E2F3-46E8-859D-62C0DA204386}.Debug|Any CPU.ActiveCfg = Debug|Any CPU
		{E2C4F8B8-E2F3-46E8-859D-62C0DA204386}.Debug|Any CPU.Build.0 = Debug|Any CPU
		{E2C4F8B8-E2F3-46E8-859D-62C0DA204386}.Release|Any CPU.ActiveCfg = Release|Any CPU
		{E2C4F8B8-E2F3-46E8-859D-62C0DA204386}.Release|Any CPU.Build.0 = Release|Any CPU
		{AA425E03-5E7B-4353-8589-769EE3634A93}.Debug|Any CPU.ActiveCfg = Debug|Any CPU
		{AA425E03-5E7B-4353-8589-769EE3634A93}.Debug|Any CPU.Build.0 = Debug|Any CPU
		{AA425E03-5E7B-4353-8589-769EE3634A93}.Release|Any CPU.ActiveCfg = Release|Any CPU
		{AA425E03-5E7B-4353-8589-769EE3634A93}.Release|Any CPU.Build.0 = Release|Any CPU
		{B97583A9-4766-4B3F-A8B5-0C66FE259A7D}.Debug|Any CPU.ActiveCfg = Debug|Any CPU
		{B97583A9-4766-4B3F-A8B5-0C66FE259A7D}.Debug|Any CPU.Build.0 = Debug|Any CPU
		{B97583A9-4766-4B3F-A8B5-0C66FE259A7D}.Release|Any CPU.ActiveCfg = Debug|Any CPU
		{B97583A9-4766-4B3F-A8B5-0C66FE259A7D}.Release|Any CPU.Build.0 = Debug|Any CPU
	EndGlobalSection
	GlobalSection(SolutionProperties) = preSolution
		HideSolutionNode = FALSE
	EndGlobalSection
	GlobalSection(ExtensibilityGlobals) = postSolution
		SolutionGuid = {FEBF42E0-0430-475B-B9D6-6CBD6F853A77}
	EndGlobalSection
EndGlobal
